
Microsoft Visual Studio Solution File, Format Version 12.00
# Visual Studio 15
VisualStudioVersion = 15.0.27130.2036
MinimumVisualStudioVersion = 10.0.40219.1
Project("{FAE04EC0-301F-11D3-BF4B-00C04F79EFBC}") = "DocImageServer", "DocImageServer\DocImageServer.csproj", "{EEBE9DF2-4C29-4E8D-99F5-8DD18E9825CD}"
EndProject
Project("{FAE04EC0-301F-11D3-BF4B-00C04F79EFBC}") = "DocImageClient", "DocImageClient\DocImageClient.csproj", "{0F5899AA-CCB5-4ACE-BB0D-608BDD90FCE6}"
	ProjectSection(ProjectDependencies) = postProject
		{EEBE9DF2-4C29-4E8D-99F5-8DD18E9825CD} = {EEBE9DF2-4C29-4E8D-99F5-8DD18E9825CD}
	EndProjectSection
EndProject
Global
	GlobalSection(SolutionConfigurationPlatforms) = preSolution
		Debug|Any CPU = Debug|Any CPU
		Release|Any CPU = Release|Any CPU
	EndGlobalSection
	GlobalSection(ProjectConfigurationPlatforms) = postSolution
		{EEBE9DF2-4C29-4E8D-99F5-8DD18E9825CD}.Debug|Any CPU.ActiveCfg = Debug|Any CPU
		{EEBE9DF2-4C29-4E8D-99F5-8DD18E9825CD}.Debug|Any CPU.Build.0 = Debug|Any CPU
		{EEBE9DF2-4C29-4E8D-99F5-8DD18E9825CD}.Release|Any CPU.ActiveCfg = Release|Any CPU
		{EEBE9DF2-4C29-4E8D-99F5-8DD18E9825CD}.Release|Any CPU.Build.0 = Release|Any CPU
		{0F5899AA-CCB5-4ACE-BB0D-608BDD90FCE6}.Debug|Any CPU.ActiveCfg = Debug|Any CPU
		{0F5899AA-CCB5-4ACE-BB0D-608BDD90FCE6}.Debug|Any CPU.Build.0 = Debug|Any CPU
		{0F5899AA-CCB5-4ACE-BB0D-608BDD90FCE6}.Release|Any CPU.ActiveCfg = Release|Any CPU
		{0F5899AA-CCB5-4ACE-BB0D-608BDD90FCE6}.Release|Any CPU.Build.0 = Release|Any CPU
	EndGlobalSection
	GlobalSection(SolutionProperties) = preSolution
		HideSolutionNode = FALSE
	EndGlobalSection
	GlobalSection(ExtensibilityGlobals) = postSolution
		SolutionGuid = {7E6CEA72-A2F4-49A5-A186-8729B59CB970}
	EndGlobalSection
EndGlobal
